
Microsoft Visual Studio Solution File, Format Version 12.00
# Visual Studio Version 17
VisualStudioVersion = 17.0.31903.59
MinimumVisualStudioVersion = 10.0.40219.1
Project("{FAE04EC0-301F-11D3-BF4B-00C04F79EFBC}") = "Devlivery.WebApi", "src\Devlivery.WebApi\Devlivery.WebApi.csproj", "{A9927372-038B-4A4F-805D-738A7142C00F}"
EndProject
Project("{2150E333-8FDC-42A3-9474-1A3956D46DE8}") = "Solution Itens", "Solution Itens", "{297A2D62-925A-43A2-BA32-7CA06406E895}"
	ProjectSection(SolutionItems) = preProject
		docker-compose.yml = docker-compose.yml
	EndProjectSection
EndProject
Project("{2150E333-8FDC-42A3-9474-1A3956D46DE8}") = "Workflows", "Workflows", "{341F9882-EF26-49B3-965C-3AD2A122CCE0}"
	ProjectSection(SolutionItems) = preProject
		.github\workflows\main-build-deploy.yml = .github\workflows\main-build-deploy.yml
		.github\workflows\pr-validation.yml = .github\workflows\pr-validation.yml
	EndProjectSection
EndProject
Global
	GlobalSection(SolutionConfigurationPlatforms) = preSolution
		Debug|Any CPU = Debug|Any CPU
		Release|Any CPU = Release|Any CPU
	EndGlobalSection
	GlobalSection(SolutionProperties) = preSolution
		HideSolutionNode = FALSE
	EndGlobalSection
	GlobalSection(ProjectConfigurationPlatforms) = postSolution
		{A9927372-038B-4A4F-805D-738A7142C00F}.Debug|Any CPU.ActiveCfg = Debug|Any CPU
		{A9927372-038B-4A4F-805D-738A7142C00F}.Debug|Any CPU.Build.0 = Debug|Any CPU
		{A9927372-038B-4A4F-805D-738A7142C00F}.Release|Any CPU.ActiveCfg = Release|Any CPU
		{A9927372-038B-4A4F-805D-738A7142C00F}.Release|Any CPU.Build.0 = Release|Any CPU
	EndGlobalSection
	GlobalSection(NestedProjects) = preSolution
		{341F9882-EF26-49B3-965C-3AD2A122CCE0} = {297A2D62-925A-43A2-BA32-7CA06406E895}
	EndGlobalSection
EndGlobal
